
Microsoft Visual Studio Solution File, Format Version 12.00
# Visual Studio Version 16
VisualStudioVersion = 16.0.30413.136
MinimumVisualStudioVersion = 10.0.40219.1
Project("{FAE04EC0-301F-11D3-BF4B-00C04F79EFBC}") = "DirMaker", "DirMaker\DirMaker.csproj", "{02F0D65C-E24A-4BAD-893E-8235819F256A}"
EndProject
Global
	GlobalSection(SolutionConfigurationPlatforms) = preSolution
		Debug|Any CPU = Debug|Any CPU
		Release|Any CPU = Release|Any CPU
	EndGlobalSection
	GlobalSection(ProjectConfigurationPlatforms) = postSolution
		{02F0D65C-E24A-4BAD-893E-8235819F256A}.Debug|Any CPU.ActiveCfg = Debug|Any CPU
		{02F0D65C-E24A-4BAD-893E-8235819F256A}.Debug|Any CPU.Build.0 = Debug|Any CPU
		{02F0D65C-E24A-4BAD-893E-8235819F256A}.Release|Any CPU.ActiveCfg = Release|Any CPU
		{02F0D65C-E24A-4BAD-893E-8235819F256A}.Release|Any CPU.Build.0 = Release|Any CPU
	EndGlobalSection
	GlobalSection(SolutionProperties) = preSolution
		HideSolutionNode = FALSE
	EndGlobalSection
	GlobalSection(ExtensibilityGlobals) = postSolution
		SolutionGuid = {91254E81-7C2E-46B3-A858-AC15B2F16C33}
	EndGlobalSection
EndGlobal
